
Microsoft Visual Studio Solution File, Format Version 12.00
# Visual Studio Version 16
VisualStudioVersion = 16.0.30413.136
MinimumVisualStudioVersion = 10.0.40219.1
Project("{FAE04EC0-301F-11D3-BF4B-00C04F79EFBC}") = "Task2", "Task2\Task2.csproj", "{CAC140F4-B4D5-4F8D-A8D3-A8D5370B71A1}"
EndProject
Global
	GlobalSection(SolutionConfigurationPlatforms) = preSolution
		Debug|Any CPU = Debug|Any CPU
		Release|Any CPU = Release|Any CPU
	EndGlobalSection
	GlobalSection(ProjectConfigurationPlatforms) = postSolution
		{CAC140F4-B4D5-4F8D-A8D3-A8D5370B71A1}.Debug|Any CPU.ActiveCfg = Debug|Any CPU
		{CAC140F4-B4D5-4F8D-A8D3-A8D5370B71A1}.Debug|Any CPU.Build.0 = Debug|Any CPU
		{CAC140F4-B4D5-4F8D-A8D3-A8D5370B71A1}.Release|Any CPU.ActiveCfg = Release|Any CPU
		{CAC140F4-B4D5-4F8D-A8D3-A8D5370B71A1}.Release|Any CPU.Build.0 = Release|Any CPU
	EndGlobalSection
	GlobalSection(SolutionProperties) = preSolution
		HideSolutionNode = FALSE
	EndGlobalSection
	GlobalSection(ExtensibilityGlobals) = postSolution
		SolutionGuid = {3A7C7029-FA35-449C-B1A7-62EBF65C59C4}
	EndGlobalSection
EndGlobal
