
Microsoft Visual Studio Solution File, Format Version 12.00
# Visual Studio Version 16
VisualStudioVersion = 16.0.30413.136
MinimumVisualStudioVersion = 10.0.40219.1
Project("{9A19103F-16F7-4668-BE54-9A1E7A4F7556}") = "Task2", "Task2\Task2.csproj", "{DBD9DF10-74F9-4BF4-AE0E-A7BDE3E5ACB2}"
EndProject
Project("{FAE04EC0-301F-11D3-BF4B-00C04F79EFBC}") = "AdditionalTask", "AdditionalTask\AdditionalTask.csproj", "{8D154C4D-0534-42C8-95A5-0B7F5E7F1FF1}"
EndProject
Global
	GlobalSection(SolutionConfigurationPlatforms) = preSolution
		Debug|Any CPU = Debug|Any CPU
		Release|Any CPU = Release|Any CPU
	EndGlobalSection
	GlobalSection(ProjectConfigurationPlatforms) = postSolution
		{DBD9DF10-74F9-4BF4-AE0E-A7BDE3E5ACB2}.Debug|Any CPU.ActiveCfg = Debug|Any CPU
		{DBD9DF10-74F9-4BF4-AE0E-A7BDE3E5ACB2}.Debug|Any CPU.Build.0 = Debug|Any CPU
		{DBD9DF10-74F9-4BF4-AE0E-A7BDE3E5ACB2}.Release|Any CPU.ActiveCfg = Release|Any CPU
		{DBD9DF10-74F9-4BF4-AE0E-A7BDE3E5ACB2}.Release|Any CPU.Build.0 = Release|Any CPU
		{8D154C4D-0534-42C8-95A5-0B7F5E7F1FF1}.Debug|Any CPU.ActiveCfg = Debug|Any CPU
		{8D154C4D-0534-42C8-95A5-0B7F5E7F1FF1}.Debug|Any CPU.Build.0 = Debug|Any CPU
		{8D154C4D-0534-42C8-95A5-0B7F5E7F1FF1}.Release|Any CPU.ActiveCfg = Release|Any CPU
		{8D154C4D-0534-42C8-95A5-0B7F5E7F1FF1}.Release|Any CPU.Build.0 = Release|Any CPU
	EndGlobalSection
	GlobalSection(SolutionProperties) = preSolution
		HideSolutionNode = FALSE
	EndGlobalSection
	GlobalSection(ExtensibilityGlobals) = postSolution
		SolutionGuid = {02DDBBD4-38E7-4003-AECE-75E6516A406C}
	EndGlobalSection
EndGlobal
