
Microsoft Visual Studio Solution File, Format Version 12.00
# Visual Studio Version 16
VisualStudioVersion = 16.0.30413.136
MinimumVisualStudioVersion = 10.0.40219.1
Project("{9A19103F-16F7-4668-BE54-9A1E7A4F7556}") = "AdditionalTask1", "AdditionalTask1\AdditionalTask1.csproj", "{3E25102E-ED76-4471-9EA9-FE2B8C2E921B}"
EndProject
Project("{FAE04EC0-301F-11D3-BF4B-00C04F79EFBC}") = "AdditionalTask", "AdditionalTask\AdditionalTask.csproj", "{BDBB264D-8EFA-4FC5-8F1D-C50F833162DD}"
EndProject
Project("{FAE04EC0-301F-11D3-BF4B-00C04F79EFBC}") = "Task2", "Task2\Task2.csproj", "{6298A112-B1C1-4683-B378-11AF083551A8}"
EndProject
Global
	GlobalSection(SolutionConfigurationPlatforms) = preSolution
		Debug|Any CPU = Debug|Any CPU
		Release|Any CPU = Release|Any CPU
	EndGlobalSection
	GlobalSection(ProjectConfigurationPlatforms) = postSolution
		{3E25102E-ED76-4471-9EA9-FE2B8C2E921B}.Debug|Any CPU.ActiveCfg = Debug|Any CPU
		{3E25102E-ED76-4471-9EA9-FE2B8C2E921B}.Debug|Any CPU.Build.0 = Debug|Any CPU
		{3E25102E-ED76-4471-9EA9-FE2B8C2E921B}.Release|Any CPU.ActiveCfg = Release|Any CPU
		{3E25102E-ED76-4471-9EA9-FE2B8C2E921B}.Release|Any CPU.Build.0 = Release|Any CPU
		{BDBB264D-8EFA-4FC5-8F1D-C50F833162DD}.Debug|Any CPU.ActiveCfg = Debug|Any CPU
		{BDBB264D-8EFA-4FC5-8F1D-C50F833162DD}.Debug|Any CPU.Build.0 = Debug|Any CPU
		{BDBB264D-8EFA-4FC5-8F1D-C50F833162DD}.Release|Any CPU.ActiveCfg = Release|Any CPU
		{BDBB264D-8EFA-4FC5-8F1D-C50F833162DD}.Release|Any CPU.Build.0 = Release|Any CPU
		{6298A112-B1C1-4683-B378-11AF083551A8}.Debug|Any CPU.ActiveCfg = Debug|Any CPU
		{6298A112-B1C1-4683-B378-11AF083551A8}.Debug|Any CPU.Build.0 = Debug|Any CPU
		{6298A112-B1C1-4683-B378-11AF083551A8}.Release|Any CPU.ActiveCfg = Release|Any CPU
		{6298A112-B1C1-4683-B378-11AF083551A8}.Release|Any CPU.Build.0 = Release|Any CPU
	EndGlobalSection
	GlobalSection(SolutionProperties) = preSolution
		HideSolutionNode = FALSE
	EndGlobalSection
	GlobalSection(ExtensibilityGlobals) = postSolution
		SolutionGuid = {B019B383-1B04-4AEA-B7BD-A1BBA3DAA27E}
	EndGlobalSection
EndGlobal
