
Microsoft Visual Studio Solution File, Format Version 12.00
# Visual Studio Version 16
VisualStudioVersion = 16.0.30413.136
MinimumVisualStudioVersion = 10.0.40219.1
Project("{9A19103F-16F7-4668-BE54-9A1E7A4F7556}") = "CommandLibrary", "CommandLibrary\CommandLibrary.csproj", "{C206FD37-169F-4771-AD8E-85CB60473B64}"
EndProject
Project("{9A19103F-16F7-4668-BE54-9A1E7A4F7556}") = "CommandInterface.Shared", "CommandInterface.Shared\CommandInterface.Shared.csproj", "{707CEC73-7E87-42E6-94EE-48BB76D20180}"
EndProject
Project("{9A19103F-16F7-4668-BE54-9A1E7A4F7556}") = "DotAppCreator", "DotAppCreator\DotAppCreator.csproj", "{0717F361-C027-4C0C-9B11-FC10AB04CBCC}"
EndProject
Global
	GlobalSection(SolutionConfigurationPlatforms) = preSolution
		Debug|Any CPU = Debug|Any CPU
		Release|Any CPU = Release|Any CPU
	EndGlobalSection
	GlobalSection(ProjectConfigurationPlatforms) = postSolution
		{C206FD37-169F-4771-AD8E-85CB60473B64}.Debug|Any CPU.ActiveCfg = Debug|Any CPU
		{C206FD37-169F-4771-AD8E-85CB60473B64}.Debug|Any CPU.Build.0 = Debug|Any CPU
		{C206FD37-169F-4771-AD8E-85CB60473B64}.Release|Any CPU.ActiveCfg = Release|Any CPU
		{C206FD37-169F-4771-AD8E-85CB60473B64}.Release|Any CPU.Build.0 = Release|Any CPU
		{707CEC73-7E87-42E6-94EE-48BB76D20180}.Debug|Any CPU.ActiveCfg = Debug|Any CPU
		{707CEC73-7E87-42E6-94EE-48BB76D20180}.Debug|Any CPU.Build.0 = Debug|Any CPU
		{707CEC73-7E87-42E6-94EE-48BB76D20180}.Release|Any CPU.ActiveCfg = Release|Any CPU
		{707CEC73-7E87-42E6-94EE-48BB76D20180}.Release|Any CPU.Build.0 = Release|Any CPU
		{0717F361-C027-4C0C-9B11-FC10AB04CBCC}.Debug|Any CPU.ActiveCfg = Debug|Any CPU
		{0717F361-C027-4C0C-9B11-FC10AB04CBCC}.Debug|Any CPU.Build.0 = Debug|Any CPU
		{0717F361-C027-4C0C-9B11-FC10AB04CBCC}.Release|Any CPU.ActiveCfg = Release|Any CPU
		{0717F361-C027-4C0C-9B11-FC10AB04CBCC}.Release|Any CPU.Build.0 = Release|Any CPU
	EndGlobalSection
	GlobalSection(SolutionProperties) = preSolution
		HideSolutionNode = FALSE
	EndGlobalSection
	GlobalSection(ExtensibilityGlobals) = postSolution
		SolutionGuid = {84E8B2BF-4ADC-45DA-80C4-122006082D40}
	EndGlobalSection
EndGlobal
